
Microsoft Visual Studio Solution File, Format Version 12.00
# Visual Studio 15
VisualStudioVersion = 15.0.28307.572
MinimumVisualStudioVersion = 10.0.40219.1
Project("{FAE04EC0-301F-11D3-BF4B-00C04F79EFBC}") = "PaymentHistory.API", "PaymentHistory.API\PaymentHistory.API.csproj", "{04FC5F9A-F5CD-4B48-BB79-52B10A94EF15}"
EndProject
Project("{E53339B2-1760-4266-BCC7-CA923CBCF16C}") = "docker-compose", "docker-compose.dcproj", "{954863F3-C941-4893-B4B8-090CD825A068}"
EndProject
Project("{2150E333-8FDC-42A3-9474-1A3956D46DE8}") = "Scripts", "Scripts", "{9A029E81-F909-4FE3-83CD-8550DAAAE603}"
	ProjectSection(SolutionItems) = preProject
		CustomersTableCreationScript.sql = CustomersTableCreationScript.sql
		TransactionsTableCreationScript.sql = TransactionsTableCreationScript.sql
	EndProjectSection
EndProject
Project("{FAE04EC0-301F-11D3-BF4B-00C04F79EFBC}") = "PaymentHistory.DAL", "PaymentHistory.DAL\PaymentHistory.DAL.csproj", "{432BF057-3FA1-47A5-962D-D1072BC8B76D}"
EndProject
Global
	GlobalSection(SolutionConfigurationPlatforms) = preSolution
		Debug|Any CPU = Debug|Any CPU
		Release|Any CPU = Release|Any CPU
	EndGlobalSection
	GlobalSection(ProjectConfigurationPlatforms) = postSolution
		{04FC5F9A-F5CD-4B48-BB79-52B10A94EF15}.Debug|Any CPU.ActiveCfg = Debug|Any CPU
		{04FC5F9A-F5CD-4B48-BB79-52B10A94EF15}.Debug|Any CPU.Build.0 = Debug|Any CPU
		{04FC5F9A-F5CD-4B48-BB79-52B10A94EF15}.Release|Any CPU.ActiveCfg = Release|Any CPU
		{04FC5F9A-F5CD-4B48-BB79-52B10A94EF15}.Release|Any CPU.Build.0 = Release|Any CPU
		{954863F3-C941-4893-B4B8-090CD825A068}.Debug|Any CPU.ActiveCfg = Debug|Any CPU
		{954863F3-C941-4893-B4B8-090CD825A068}.Debug|Any CPU.Build.0 = Debug|Any CPU
		{954863F3-C941-4893-B4B8-090CD825A068}.Release|Any CPU.ActiveCfg = Release|Any CPU
		{954863F3-C941-4893-B4B8-090CD825A068}.Release|Any CPU.Build.0 = Release|Any CPU
		{432BF057-3FA1-47A5-962D-D1072BC8B76D}.Debug|Any CPU.ActiveCfg = Debug|Any CPU
		{432BF057-3FA1-47A5-962D-D1072BC8B76D}.Debug|Any CPU.Build.0 = Debug|Any CPU
		{432BF057-3FA1-47A5-962D-D1072BC8B76D}.Release|Any CPU.ActiveCfg = Release|Any CPU
		{432BF057-3FA1-47A5-962D-D1072BC8B76D}.Release|Any CPU.Build.0 = Release|Any CPU
	EndGlobalSection
	GlobalSection(SolutionProperties) = preSolution
		HideSolutionNode = FALSE
	EndGlobalSection
	GlobalSection(ExtensibilityGlobals) = postSolution
		SolutionGuid = {DD45C084-E80C-4604-9252-81B5C1A704F9}
	EndGlobalSection
EndGlobal
